
Microsoft Visual Studio Solution File, Format Version 12.00
# Visual Studio Version 17
VisualStudioVersion = 17.4.33213.308
MinimumVisualStudioVersion = 10.0.40219.1
Project("{2150E333-8FDC-42A3-9474-1A3956D46DE8}") = "FrontEnd", "FrontEnd", "{9248F43A-2ADE-4C88-B46A-D7CC3A5A768D}"
EndProject
Project("{2150E333-8FDC-42A3-9474-1A3956D46DE8}") = "Gateway", "Gateway", "{C0AF1B85-4BB5-4499-9C5B-F6550D1F0565}"
EndProject
Project("{2150E333-8FDC-42A3-9474-1A3956D46DE8}") = "Integration", "Integration", "{B2751578-40F1-43F5-BDBB-0A8A4C0A065D}"
EndProject
Project("{2150E333-8FDC-42A3-9474-1A3956D46DE8}") = "Services", "Services", "{12ED7A72-50EA-48CA-9394-C01F0D1F52BE}"
EndProject
Project("{9A19103F-16F7-4668-BE54-9A1E7A4F7556}") = "Mango.Services.CuponAPI", "Mango.Services.CuponAPI\Mango.Services.CuponAPI.csproj", "{BEB76701-CE4A-409C-9B3A-4E7B248E0F49}"
EndProject
Project("{9A19103F-16F7-4668-BE54-9A1E7A4F7556}") = "Mango.Web", "Mango.Web\Mango.Web.csproj", "{1A441231-8959-4A79-8EC5-B274FA36C9AC}"
EndProject
Project("{9A19103F-16F7-4668-BE54-9A1E7A4F7556}") = "Mango.Services.AuthAPI", "Mango.Services.AuthAPI\Mango.Services.AuthAPI.csproj", "{69037406-6A32-45A5-9E0D-3D33107067CF}"
EndProject
Project("{9A19103F-16F7-4668-BE54-9A1E7A4F7556}") = "Mango.Services.ProductAPI", "Mango.Services.ProductAPI\Mango.Services.ProductAPI.csproj", "{924846AE-C81E-4621-8C16-4634F5588EAB}"
EndProject
Project("{9A19103F-16F7-4668-BE54-9A1E7A4F7556}") = "Mango.Services.ShoppingCartAPI", "Mango.Services.ShoppingCartAPI\Mango.Services.ShoppingCartAPI.csproj", "{D08DB7E8-0D46-46FE-8B8B-01EDB4FF32D2}"
EndProject
Project("{9A19103F-16F7-4668-BE54-9A1E7A4F7556}") = "Mango.MessageBus", "Mango.MessageBus\Mango.MessageBus.csproj", "{D8FCD07F-B02F-4FC0-87A3-B7804B15FFC6}"
EndProject
Project("{9A19103F-16F7-4668-BE54-9A1E7A4F7556}") = "Mango.Services.EmailAPI", "Mango.Services.EmailAPI\Mango.Services.EmailAPI.csproj", "{0A806EFF-8EEA-47F4-AFF4-A574842CAF82}"
EndProject
Project("{9A19103F-16F7-4668-BE54-9A1E7A4F7556}") = "Mango.Services.OrderAPI", "Mango.Services.OrderAPI\Mango.Services.OrderAPI.csproj", "{4D365673-F3C4-41E2-ACFB-703D5728BAC5}"
EndProject
Project("{9A19103F-16F7-4668-BE54-9A1E7A4F7556}") = "Mango.Services.RewardAPI", "Mango.Services.RewardAPI\Mango.Services.RewardAPI.csproj", "{707AA232-21F9-47EB-9A6B-A92014C8179A}"
EndProject
Project("{FAE04EC0-301F-11D3-BF4B-00C04F79EFBC}") = "Mango.GatewaySolution", "Mango.GatewaySolution\Mango.GatewaySolution.csproj", "{B2FA0A9F-8A84-45D8-B850-7DD1804C75D6}"
EndProject
Global
	GlobalSection(SolutionConfigurationPlatforms) = preSolution
		Debug|Any CPU = Debug|Any CPU
		Release|Any CPU = Release|Any CPU
	EndGlobalSection
	GlobalSection(ProjectConfigurationPlatforms) = postSolution
		{BEB76701-CE4A-409C-9B3A-4E7B248E0F49}.Debug|Any CPU.ActiveCfg = Debug|Any CPU
		{BEB76701-CE4A-409C-9B3A-4E7B248E0F49}.Debug|Any CPU.Build.0 = Debug|Any CPU
		{BEB76701-CE4A-409C-9B3A-4E7B248E0F49}.Release|Any CPU.ActiveCfg = Release|Any CPU
		{BEB76701-CE4A-409C-9B3A-4E7B248E0F49}.Release|Any CPU.Build.0 = Release|Any CPU
		{1A441231-8959-4A79-8EC5-B274FA36C9AC}.Debug|Any CPU.ActiveCfg = Debug|Any CPU
		{1A441231-8959-4A79-8EC5-B274FA36C9AC}.Debug|Any CPU.Build.0 = Debug|Any CPU
		{1A441231-8959-4A79-8EC5-B274FA36C9AC}.Release|Any CPU.ActiveCfg = Release|Any CPU
		{1A441231-8959-4A79-8EC5-B274FA36C9AC}.Release|Any CPU.Build.0 = Release|Any CPU
		{69037406-6A32-45A5-9E0D-3D33107067CF}.Debug|Any CPU.ActiveCfg = Debug|Any CPU
		{69037406-6A32-45A5-9E0D-3D33107067CF}.Debug|Any CPU.Build.0 = Debug|Any CPU
		{69037406-6A32-45A5-9E0D-3D33107067CF}.Release|Any CPU.ActiveCfg = Release|Any CPU
		{69037406-6A32-45A5-9E0D-3D33107067CF}.Release|Any CPU.Build.0 = Release|Any CPU
		{924846AE-C81E-4621-8C16-4634F5588EAB}.Debug|Any CPU.ActiveCfg = Debug|Any CPU
		{924846AE-C81E-4621-8C16-4634F5588EAB}.Debug|Any CPU.Build.0 = Debug|Any CPU
		{924846AE-C81E-4621-8C16-4634F5588EAB}.Release|Any CPU.ActiveCfg = Release|Any CPU
		{924846AE-C81E-4621-8C16-4634F5588EAB}.Release|Any CPU.Build.0 = Release|Any CPU
		{D08DB7E8-0D46-46FE-8B8B-01EDB4FF32D2}.Debug|Any CPU.ActiveCfg = Debug|Any CPU
		{D08DB7E8-0D46-46FE-8B8B-01EDB4FF32D2}.Debug|Any CPU.Build.0 = Debug|Any CPU
		{D08DB7E8-0D46-46FE-8B8B-01EDB4FF32D2}.Release|Any CPU.ActiveCfg = Release|Any CPU
		{D08DB7E8-0D46-46FE-8B8B-01EDB4FF32D2}.Release|Any CPU.Build.0 = Release|Any CPU
		{D8FCD07F-B02F-4FC0-87A3-B7804B15FFC6}.Debug|Any CPU.ActiveCfg = Debug|Any CPU
		{D8FCD07F-B02F-4FC0-87A3-B7804B15FFC6}.Debug|Any CPU.Build.0 = Debug|Any CPU
		{D8FCD07F-B02F-4FC0-87A3-B7804B15FFC6}.Release|Any CPU.ActiveCfg = Release|Any CPU
		{D8FCD07F-B02F-4FC0-87A3-B7804B15FFC6}.Release|Any CPU.Build.0 = Release|Any CPU
		{0A806EFF-8EEA-47F4-AFF4-A574842CAF82}.Debug|Any CPU.ActiveCfg = Debug|Any CPU
		{0A806EFF-8EEA-47F4-AFF4-A574842CAF82}.Debug|Any CPU.Build.0 = Debug|Any CPU
		{0A806EFF-8EEA-47F4-AFF4-A574842CAF82}.Release|Any CPU.ActiveCfg = Release|Any CPU
		{0A806EFF-8EEA-47F4-AFF4-A574842CAF82}.Release|Any CPU.Build.0 = Release|Any CPU
		{4D365673-F3C4-41E2-ACFB-703D5728BAC5}.Debug|Any CPU.ActiveCfg = Debug|Any CPU
		{4D365673-F3C4-41E2-ACFB-703D5728BAC5}.Debug|Any CPU.Build.0 = Debug|Any CPU
		{4D365673-F3C4-41E2-ACFB-703D5728BAC5}.Release|Any CPU.ActiveCfg = Release|Any CPU
		{4D365673-F3C4-41E2-ACFB-703D5728BAC5}.Release|Any CPU.Build.0 = Release|Any CPU
		{707AA232-21F9-47EB-9A6B-A92014C8179A}.Debug|Any CPU.ActiveCfg = Debug|Any CPU
		{707AA232-21F9-47EB-9A6B-A92014C8179A}.Debug|Any CPU.Build.0 = Debug|Any CPU
		{707AA232-21F9-47EB-9A6B-A92014C8179A}.Release|Any CPU.ActiveCfg = Release|Any CPU
		{707AA232-21F9-47EB-9A6B-A92014C8179A}.Release|Any CPU.Build.0 = Release|Any CPU
		{B2FA0A9F-8A84-45D8-B850-7DD1804C75D6}.Debug|Any CPU.ActiveCfg = Debug|Any CPU
		{B2FA0A9F-8A84-45D8-B850-7DD1804C75D6}.Debug|Any CPU.Build.0 = Debug|Any CPU
		{B2FA0A9F-8A84-45D8-B850-7DD1804C75D6}.Release|Any CPU.ActiveCfg = Release|Any CPU
		{B2FA0A9F-8A84-45D8-B850-7DD1804C75D6}.Release|Any CPU.Build.0 = Release|Any CPU
	EndGlobalSection
	GlobalSection(SolutionProperties) = preSolution
		HideSolutionNode = FALSE
	EndGlobalSection
	GlobalSection(NestedProjects) = preSolution
		{BEB76701-CE4A-409C-9B3A-4E7B248E0F49} = {12ED7A72-50EA-48CA-9394-C01F0D1F52BE}
		{1A441231-8959-4A79-8EC5-B274FA36C9AC} = {9248F43A-2ADE-4C88-B46A-D7CC3A5A768D}
		{69037406-6A32-45A5-9E0D-3D33107067CF} = {12ED7A72-50EA-48CA-9394-C01F0D1F52BE}
		{924846AE-C81E-4621-8C16-4634F5588EAB} = {12ED7A72-50EA-48CA-9394-C01F0D1F52BE}
		{D08DB7E8-0D46-46FE-8B8B-01EDB4FF32D2} = {12ED7A72-50EA-48CA-9394-C01F0D1F52BE}
		{D8FCD07F-B02F-4FC0-87A3-B7804B15FFC6} = {B2751578-40F1-43F5-BDBB-0A8A4C0A065D}
		{0A806EFF-8EEA-47F4-AFF4-A574842CAF82} = {12ED7A72-50EA-48CA-9394-C01F0D1F52BE}
		{4D365673-F3C4-41E2-ACFB-703D5728BAC5} = {12ED7A72-50EA-48CA-9394-C01F0D1F52BE}
		{707AA232-21F9-47EB-9A6B-A92014C8179A} = {12ED7A72-50EA-48CA-9394-C01F0D1F52BE}
		{B2FA0A9F-8A84-45D8-B850-7DD1804C75D6} = {C0AF1B85-4BB5-4499-9C5B-F6550D1F0565}
	EndGlobalSection
	GlobalSection(ExtensibilityGlobals) = postSolution
		SolutionGuid = {970995E6-3124-424C-BACC-2966060CC3BD}
	EndGlobalSection
EndGlobal
